
Microsoft Visual Studio Solution File, Format Version 12.00
# Visual Studio Version 17
VisualStudioVersion = 17.8.34330.188
MinimumVisualStudioVersion = 10.0.40219.1
Project("{9A19103F-16F7-4668-BE54-9A1E7A4F7556}") = "SecretsSharing", "SecretsSharing\SecretsSharing.csproj", "{EAD21718-94EE-416D-8CF1-4E99106FB13F}"
EndProject
Project("{9A19103F-16F7-4668-BE54-9A1E7A4F7556}") = "SecretsSharing.Domain", "SecretsSharing.Domain\SecretsSharing.Domain.csproj", "{FAB4641C-6F61-4EE2-A299-E428F5C64E8A}"
EndProject
Project("{9A19103F-16F7-4668-BE54-9A1E7A4F7556}") = "SecretsSharing.Repository", "SecretsSharing.Repository\SecretsSharing.Repository.csproj", "{9311C811-EE0D-41F9-8663-627B4B2443B6}"
EndProject
Project("{9A19103F-16F7-4668-BE54-9A1E7A4F7556}") = "SecretsSharing.Service", "SecretsSharing.Service\SecretsSharing.Service.csproj", "{674A795E-E156-453C-8110-ECA1AC24D543}"
EndProject
Project("{FAE04EC0-301F-11D3-BF4B-00C04F79EFBC}") = "SecretsSharing.Dto", "SecretsSharing.Dto\SecretsSharing.Dto.csproj", "{ADA5A8B1-4EC6-4F20-A2A3-11A6863CEDBD}"
EndProject
Global
	GlobalSection(SolutionConfigurationPlatforms) = preSolution
		Debug|Any CPU = Debug|Any CPU
		Release|Any CPU = Release|Any CPU
	EndGlobalSection
	GlobalSection(ProjectConfigurationPlatforms) = postSolution
		{EAD21718-94EE-416D-8CF1-4E99106FB13F}.Debug|Any CPU.ActiveCfg = Debug|Any CPU
		{EAD21718-94EE-416D-8CF1-4E99106FB13F}.Debug|Any CPU.Build.0 = Debug|Any CPU
		{EAD21718-94EE-416D-8CF1-4E99106FB13F}.Release|Any CPU.ActiveCfg = Release|Any CPU
		{EAD21718-94EE-416D-8CF1-4E99106FB13F}.Release|Any CPU.Build.0 = Release|Any CPU
		{FAB4641C-6F61-4EE2-A299-E428F5C64E8A}.Debug|Any CPU.ActiveCfg = Debug|Any CPU
		{FAB4641C-6F61-4EE2-A299-E428F5C64E8A}.Debug|Any CPU.Build.0 = Debug|Any CPU
		{FAB4641C-6F61-4EE2-A299-E428F5C64E8A}.Release|Any CPU.ActiveCfg = Release|Any CPU
		{FAB4641C-6F61-4EE2-A299-E428F5C64E8A}.Release|Any CPU.Build.0 = Release|Any CPU
		{9311C811-EE0D-41F9-8663-627B4B2443B6}.Debug|Any CPU.ActiveCfg = Debug|Any CPU
		{9311C811-EE0D-41F9-8663-627B4B2443B6}.Debug|Any CPU.Build.0 = Debug|Any CPU
		{9311C811-EE0D-41F9-8663-627B4B2443B6}.Release|Any CPU.ActiveCfg = Release|Any CPU
		{9311C811-EE0D-41F9-8663-627B4B2443B6}.Release|Any CPU.Build.0 = Release|Any CPU
		{674A795E-E156-453C-8110-ECA1AC24D543}.Debug|Any CPU.ActiveCfg = Debug|Any CPU
		{674A795E-E156-453C-8110-ECA1AC24D543}.Debug|Any CPU.Build.0 = Debug|Any CPU
		{674A795E-E156-453C-8110-ECA1AC24D543}.Release|Any CPU.ActiveCfg = Release|Any CPU
		{674A795E-E156-453C-8110-ECA1AC24D543}.Release|Any CPU.Build.0 = Release|Any CPU
		{ADA5A8B1-4EC6-4F20-A2A3-11A6863CEDBD}.Debug|Any CPU.ActiveCfg = Debug|Any CPU
		{ADA5A8B1-4EC6-4F20-A2A3-11A6863CEDBD}.Debug|Any CPU.Build.0 = Debug|Any CPU
		{ADA5A8B1-4EC6-4F20-A2A3-11A6863CEDBD}.Release|Any CPU.ActiveCfg = Release|Any CPU
		{ADA5A8B1-4EC6-4F20-A2A3-11A6863CEDBD}.Release|Any CPU.Build.0 = Release|Any CPU
	EndGlobalSection
	GlobalSection(SolutionProperties) = preSolution
		HideSolutionNode = FALSE
	EndGlobalSection
	GlobalSection(ExtensibilityGlobals) = postSolution
		SolutionGuid = {C790A7F0-34DB-4A08-BCC0-DF8C71B8719A}
	EndGlobalSection
EndGlobal
